{
  "version": 4,
  "terraform_version": "1.7.0",
  "serial": 59,
  "lineage": "fd9cb4d8-1693-deba-39ad-837eca67b2ed",
  "outputs": {
    "resource-ids": {
      "value": " Environment ID:   env-3np19o\n Kafka Cluster ID: lkc-rj2pq1\n# Kafka topic name: orders-rbc\n\n Service Accounts and their Kafka API Keys (API Keys inherit the permissions granted to the owner):\n app-manager:                     sa-jrkdow\n app-manager's Kafka API Key:     \"WKXEUT4IDN6MJB57\"\n app-manager's Kafka API Secret:  \"/7EgUXIw1oHpEV+AExlg5M1SC1dRtnD6nPUsinKoBwcs11C9uG+psBpCexz2d2M2\"\n \n",
      "type": "string",
      "sensitive": true
    }
  },
  "resources": [
    {
      "mode": "managed",
      "type": "confluent_api_key",
      "name": "api-key",
      "provider": "provider[\"registry.terraform.io/confluentinc/confluent\"]",
      "instances": [
        {
          "schema_version": 0,
          "attributes": {
            "description": "Kafka API Key that is owned by 'app-manager' service account",
            "disable_wait_for_ready": false,
            "display_name": "app-manager-kafka-api-key-developer",
            "id": "WKXEUT4IDN6MJB57",
            "managed_resource": [
              {
                "api_version": "cmk/v2",
                "environment": [
                  {
                    "id": "env-3np19o"
                  }
                ],
                "id": "lkc-rj2pq1",
                "kind": "Cluster"
              }
            ],
            "owner": [
              {
                "api_version": "iam/v2",
                "id": "sa-jrkdow",
                "kind": "ServiceAccount"
              }
            ],
            "secret": "/7EgUXIw1oHpEV+AExlg5M1SC1dRtnD6nPUsinKoBwcs11C9uG+psBpCexz2d2M2"
          },
          "sensitive_attributes": [],
          "private": "bnVsbA==",
          "dependencies": [
            "confluent_environment.development",
            "confluent_kafka_cluster.basic",
            "confluent_role_binding.app-manager-kafka-cluster-admin",
            "confluent_service_account.app-manager"
          ]
        }
      ]
    },
    {
      "mode": "managed",
      "type": "confluent_environment",
      "name": "development",
      "provider": "provider[\"registry.terraform.io/confluentinc/confluent\"]",
      "instances": [
        {
          "schema_version": 0,
          "attributes": {
            "display_name": "Development",
            "id": "env-3np19o",
            "resource_name": "crn://confluent.cloud/organization=7534bdef-8bac-401f-93a7-c6a2ac1622d3/environment=env-3np19o"
          },
          "sensitive_attributes": [],
          "private": "bnVsbA=="
        }
      ]
    },
    {
      "mode": "managed",
      "type": "confluent_kafka_cluster",
      "name": "basic",
      "provider": "provider[\"registry.terraform.io/confluentinc/confluent\"]",
      "instances": [
        {
          "schema_version": 1,
          "attributes": {
            "api_version": "cmk/v2",
            "availability": "SINGLE_ZONE",
            "basic": [
              {}
            ],
            "bootstrap_endpoint": "SASL_SSL://pkc-rgm37.us-west-2.aws.confluent.cloud:9092",
            "byok_key": [
              {
                "id": ""
              }
            ],
            "cloud": "AWS",
            "dedicated": [],
            "display_name": "basic_kafka_cluster",
            "enterprise": [],
            "environment": [
              {
                "id": "env-3np19o"
              }
            ],
            "id": "lkc-rj2pq1",
            "kind": "Cluster",
            "network": [
              {
                "id": ""
              }
            ],
            "rbac_crn": "crn://confluent.cloud/organization=7534bdef-8bac-401f-93a7-c6a2ac1622d3/environment=env-3np19o/cloud-cluster=lkc-rj2pq1",
            "region": "us-west-2",
            "rest_endpoint": "https://pkc-rgm37.us-west-2.aws.confluent.cloud:443",
            "standard": [],
            "timeouts": null
          },
          "sensitive_attributes": [],
          "private": "eyJlMmJmYjczMC1lY2FhLTExZTYtOGY4OC0zNDM2M2JjN2M0YzAiOnsiY3JlYXRlIjoyNTkyMDAwMDAwMDAwMDAsInVwZGF0ZSI6MjU5MjAwMDAwMDAwMDAwfSwic2NoZW1hX3ZlcnNpb24iOiIxIn0=",
          "dependencies": [
            "confluent_environment.development"
          ]
        }
      ]
    },
    {
      "mode": "managed",
      "type": "confluent_kafka_topic",
      "name": "orders",
      "provider": "provider[\"registry.terraform.io/confluentinc/confluent\"]",
      "instances": [
        {
          "schema_version": 2,
          "attributes": {
            "config": {},
            "credentials": [
              {
                "key": "WKXEUT4IDN6MJB57",
                "secret": "/7EgUXIw1oHpEV+AExlg5M1SC1dRtnD6nPUsinKoBwcs11C9uG+psBpCexz2d2M2"
              }
            ],
            "id": "lkc-rj2pq1/orders-rbc",
            "kafka_cluster": [
              {
                "id": "lkc-rj2pq1"
              }
            ],
            "partitions_count": 6,
            "rest_endpoint": "https://pkc-rgm37.us-west-2.aws.confluent.cloud:443",
            "topic_name": "orders-rbc"
          },
          "sensitive_attributes": [
            [
              {
                "type": "get_attr",
                "value": "credentials"
              },
              {
                "type": "index",
                "value": {
                  "value": 0,
                  "type": "number"
                }
              },
              {
                "type": "get_attr",
                "value": "secret"
              }
            ]
          ],
          "private": "eyJzY2hlbWFfdmVyc2lvbiI6IjIifQ==",
          "dependencies": [
            "confluent_api_key.api-key",
            "confluent_environment.development",
            "confluent_kafka_cluster.basic",
            "confluent_role_binding.app-manager-kafka-cluster-admin",
            "confluent_service_account.app-manager"
          ]
        }
      ]
    },
    {
      "mode": "managed",
      "type": "confluent_role_binding",
      "name": "app-manager-kafka-cluster-admin",
      "provider": "provider[\"registry.terraform.io/confluentinc/confluent\"]",
      "instances": [
        {
          "schema_version": 0,
          "attributes": {
            "crn_pattern": "crn://confluent.cloud/organization=7534bdef-8bac-401f-93a7-c6a2ac1622d3/environment=env-3np19o/cloud-cluster=lkc-rj2pq1",
            "id": "rb-QOKrRE",
            "principal": "User:sa-jrkdow",
            "role_name": "CloudClusterAdmin"
          },
          "sensitive_attributes": [],
          "private": "bnVsbA==",
          "dependencies": [
            "confluent_environment.development",
            "confluent_kafka_cluster.basic",
            "confluent_service_account.app-manager"
          ]
        }
      ]
    },
    {
      "mode": "managed",
      "type": "confluent_service_account",
      "name": "app-manager",
      "provider": "provider[\"registry.terraform.io/confluentinc/confluent\"]",
      "instances": [
        {
          "schema_version": 0,
          "attributes": {
            "api_version": "iam/v2",
            "description": "Service account to manage Kafka cluster",
            "display_name": "app-manager",
            "id": "sa-jrkdow",
            "kind": "ServiceAccount"
          },
          "sensitive_attributes": [],
          "private": "bnVsbA=="
        }
      ]
    }
  ],
  "check_results": null
}
